
Microsoft Visual Studio Solution File, Format Version 12.00
# Visual Studio Version 17
VisualStudioVersion = 17.5.002.0
MinimumVisualStudioVersion = 10.0.40219.1
Project("{9A19103F-16F7-4668-BE54-9A1E7A4F7556}") = "TranslateLibrary", "TranslateLibrary.csproj", "{2C022888-B142-4908-9EC2-3ACA46A0CE12}"
EndProject
Global
	GlobalSection(SolutionConfigurationPlatforms) = preSolution
		Debug|Any CPU = Debug|Any CPU
		Release|Any CPU = Release|Any CPU
	EndGlobalSection
	GlobalSection(ProjectConfigurationPlatforms) = postSolution
		{2C022888-B142-4908-9EC2-3ACA46A0CE12}.Debug|Any CPU.ActiveCfg = Debug|Any CPU
		{2C022888-B142-4908-9EC2-3ACA46A0CE12}.Debug|Any CPU.Build.0 = Debug|Any CPU
		{2C022888-B142-4908-9EC2-3ACA46A0CE12}.Release|Any CPU.ActiveCfg = Release|Any CPU
		{2C022888-B142-4908-9EC2-3ACA46A0CE12}.Release|Any CPU.Build.0 = Release|Any CPU
	EndGlobalSection
	GlobalSection(SolutionProperties) = preSolution
		HideSolutionNode = FALSE
	EndGlobalSection
	GlobalSection(ExtensibilityGlobals) = postSolution
		SolutionGuid = {E42E4569-906F-47DA-BA75-26F69076E1A1}
	EndGlobalSection
EndGlobal
